{
  "name": "turm-brand-icons",
  "lockfileVersion": 3,
  "requires": true,
  "packages": {
    "": {
      "name": "turm-brand-icons",
      "devDependencies": {
        "@lobehub/icons-static-svg": "1.95.1",
        "simple-icons": "16.33.0"
      }
    },
    "node_modules/@lobehub/icons-static-svg": {
      "version": "1.95.1",
      "resolved": "https://registry.npmjs.org/@lobehub/icons-static-svg/-/icons-static-svg-1.95.1.tgz",
      "integrity": "sha512-Hw7EPPgVnC4NZLXBfTNJG6hyQgqECfUPC11VVXodPSr1aebKcFxDZlSpxhWwYNdCc6bhxps/x5TtXoPmfKH2ag==",
      "dev": true,
      "license": "MIT"
    },
    "node_modules/simple-icons": {
      "version": "16.33.0",
      "resolved": "https://registry.npmjs.org/simple-icons/-/simple-icons-16.33.0.tgz",
      "integrity": "sha512-z14u6A8ngAg9mgERRsNO8YkjIMefehIpBk7A8Dz3Gd91945qFP19MLPSHgV4z8P5u/MRYd5e07OTzaDoB4d6qA==",
      "dev": true,
      "funding": [
        {
          "type": "opencollective",
          "url": "https://opencollective.com/simple-icons"
        },
        {
          "type": "github",
          "url": "https://github.com/sponsors/simple-icons"
        }
      ],
      "license": "CC0-1.0",
      "engines": {
        "node": ">=0.12.18"
      }
    }
  }
}
