// !$*UTF8*$!
{
	archiveVersion = 1;
	classes = {
	};
	objectVersion = 77;
	objects = {

/* Begin PBXBuildFile section */
		C0105A02306BFD46008BD457 /* SwiftTerm in Frameworks */ = {isa = PBXBuildFile; productRef = C0105A01306BFD46008BD457 /* SwiftTerm */; };
		C0105A12306BFD46008BD457 /* Sparkle in Frameworks */ = {isa = PBXBuildFile; productRef = C0105A11306BFD46008BD457 /* Sparkle */; };
		C0105B02306BFD46008BD457 /* TurmDockTile.docktileplugin in Embed Dock Tile */ = {isa = PBXBuildFile; fileRef = C0105B01306BFD46008BD457 /* TurmDockTile.docktileplugin */; settings = {ATTRIBUTES = (CodeSignOnCopy, RemoveHeadersOnCopy, ); }; };
		C0105C02306BFD46008BD457 /* TurmFinder.appex in Embed Foundation Extensions */ = {isa = PBXBuildFile; fileRef = C0105C01306BFD46008BD457 /* TurmFinder.appex */; settings = {ATTRIBUTES = (RemoveHeadersOnCopy, ); }; };
		C0105E03306BFD46008BD457 /* TurmCore in Frameworks */ = {isa = PBXBuildFile; productRef = C0105E01306BFD46008BD457 /* TurmCore */; };
		C0105E04306BFD46008BD457 /* TurmCore in Frameworks */ = {isa = PBXBuildFile; productRef = C0105E02306BFD46008BD457 /* TurmCore */; };
		C0105E06306BFD46008BD457 /* SwiftTerm in Frameworks */ = {isa = PBXBuildFile; productRef = C0105E05306BFD46008BD457 /* SwiftTerm */; };
		C0105E09306BFD46008BD457 /* Citadel in Frameworks */ = {isa = PBXBuildFile; productRef = C0105E08306BFD46008BD457 /* Citadel */; };
/* End PBXBuildFile section */

/* Begin PBXContainerItemProxy section */
		C010564F306BFD46008BD457 /* PBXContainerItemProxy */ = {
			isa = PBXContainerItemProxy;
			containerPortal = C0105639306BFD45008BD457 /* Project object */;
			proxyType = 1;
			remoteGlobalIDString = C0105640306BFD45008BD457;
			remoteInfo = Turm;
		};
		C0105659306BFD46008BD457 /* PBXContainerItemProxy */ = {
			isa = PBXContainerItemProxy;
			containerPortal = C0105639306BFD45008BD457 /* Project object */;
			proxyType = 1;
			remoteGlobalIDString = C0105640306BFD45008BD457;
			remoteInfo = Turm;
		};
		C0105B03306BFD46008BD457 /* PBXContainerItemProxy */ = {
			isa = PBXContainerItemProxy;
			containerPortal = C0105639306BFD45008BD457 /* Project object */;
			proxyType = 1;
			remoteGlobalIDString = C0105B10306BFD46008BD457;
			remoteInfo = TurmDockTile;
		};
		C0105C03306BFD46008BD457 /* PBXContainerItemProxy */ = {
			isa = PBXContainerItemProxy;
			containerPortal = C0105639306BFD45008BD457 /* Project object */;
			proxyType = 1;
			remoteGlobalIDString = C0105C10306BFD46008BD457;
			remoteInfo = TurmFinder;
		};
/* End PBXContainerItemProxy section */

/* Begin PBXCopyFilesBuildPhase section */
		C0105B04306BFD46008BD457 /* Embed Dock Tile */ = {
			isa = PBXCopyFilesBuildPhase;
			dstPath = "";
			dstSubfolder = PlugIns;
			files = (
				C0105B02306BFD46008BD457 /* TurmDockTile.docktileplugin in Embed Dock Tile */,
			);
			name = "Embed Dock Tile";
		};
		C0105C04306BFD46008BD457 /* Embed Foundation Extensions */ = {
			isa = PBXCopyFilesBuildPhase;
			dstPath = "";
			dstSubfolder = PlugIns;
			files = (
				C0105C02306BFD46008BD457 /* TurmFinder.appex in Embed Foundation Extensions */,
			);
			name = "Embed Foundation Extensions";
		};
/* End PBXCopyFilesBuildPhase section */

/* Begin PBXFileReference section */
		C0105641306BFD45008BD457 /* Turm.app */ = {isa = PBXFileReference; explicitFileType = wrapper.application; includeInIndex = 0; path = Turm.app; sourceTree = BUILT_PRODUCTS_DIR; };
		C010564E306BFD46008BD457 /* TurmTests.xctest */ = {isa = PBXFileReference; explicitFileType = wrapper.cfbundle; includeInIndex = 0; path = TurmTests.xctest; sourceTree = BUILT_PRODUCTS_DIR; };
		C0105658306BFD46008BD457 /* TurmUITests.xctest */ = {isa = PBXFileReference; explicitFileType = wrapper.cfbundle; includeInIndex = 0; path = TurmUITests.xctest; sourceTree = BUILT_PRODUCTS_DIR; };
		C0105B01306BFD46008BD457 /* TurmDockTile.docktileplugin */ = {isa = PBXFileReference; explicitFileType = wrapper.cfbundle; includeInIndex = 0; path = TurmDockTile.docktileplugin; sourceTree = BUILT_PRODUCTS_DIR; };
		C0105C01306BFD46008BD457 /* TurmFinder.appex */ = {isa = PBXFileReference; explicitFileType = "wrapper.app-extension"; includeInIndex = 0; path = TurmFinder.appex; sourceTree = BUILT_PRODUCTS_DIR; };
		C0105D01306BFD46008BD457 /* TurmiOS.app */ = {isa = PBXFileReference; explicitFileType = wrapper.application; includeInIndex = 0; path = TurmiOS.app; sourceTree = BUILT_PRODUCTS_DIR; };
/* End PBXFileReference section */

/* Begin PBXFileSystemSynchronizedRootGroup section */
		C0105643306BFD45008BD457 /* Turm */ = {
			isa = PBXFileSystemSynchronizedRootGroup;
			path = Turm;
			sourceTree = "<group>";
		};
		C0105651306BFD46008BD457 /* TurmTests */ = {
			isa = PBXFileSystemSynchronizedRootGroup;
			path = TurmTests;
			sourceTree = "<group>";
		};
		C010565B306BFD46008BD457 /* TurmUITests */ = {
			isa = PBXFileSystemSynchronizedRootGroup;
			path = TurmUITests;
			sourceTree = "<group>";
		};
		C0105B05306BFD46008BD457 /* TurmDockTile */ = {
			isa = PBXFileSystemSynchronizedRootGroup;
			path = TurmDockTile;
			sourceTree = "<group>";
		};
		C0105C05306BFD46008BD457 /* TurmFinder */ = {
			isa = PBXFileSystemSynchronizedRootGroup;
			path = TurmFinder;
			sourceTree = "<group>";
		};
		C0105D05306BFD46008BD457 /* TurmiOS */ = {
			isa = PBXFileSystemSynchronizedRootGroup;
			path = TurmiOS;
			sourceTree = "<group>";
		};
		C0105E10306BFD46008BD457 /* SharedResources */ = {
			isa = PBXFileSystemSynchronizedRootGroup;
			path = SharedResources;
			sourceTree = "<group>";
		};
/* End PBXFileSystemSynchronizedRootGroup section */

/* Begin PBXFrameworksBuildPhase section */
		C010563E306BFD45008BD457 /* Frameworks */ = {
			isa = PBXFrameworksBuildPhase;
			files = (
				C0105A02306BFD46008BD457 /* SwiftTerm in Frameworks */,
				C0105A12306BFD46008BD457 /* Sparkle in Frameworks */,
				C0105E03306BFD46008BD457 /* TurmCore in Frameworks */,
			);
		};
		C010564B306BFD46008BD457 /* Frameworks */ = {
			isa = PBXFrameworksBuildPhase;
			files = (
			);
		};
		C0105655306BFD46008BD457 /* Frameworks */ = {
			isa = PBXFrameworksBuildPhase;
			files = (
			);
		};
		C0105B06306BFD46008BD457 /* Frameworks */ = {
			isa = PBXFrameworksBuildPhase;
			files = (
			);
		};
		C0105C06306BFD46008BD457 /* Frameworks */ = {
			isa = PBXFrameworksBuildPhase;
			files = (
			);
		};
		C0105D06306BFD46008BD457 /* Frameworks */ = {
			isa = PBXFrameworksBuildPhase;
			files = (
				C0105E04306BFD46008BD457 /* TurmCore in Frameworks */,
				C0105E06306BFD46008BD457 /* SwiftTerm in Frameworks */,
				C0105E09306BFD46008BD457 /* Citadel in Frameworks */,
			);
		};
/* End PBXFrameworksBuildPhase section */

/* Begin PBXGroup section */
		C0105638306BFD45008BD457 = {
			isa = PBXGroup;
			children = (
				C0105643306BFD45008BD457 /* Turm */,
				C0105651306BFD46008BD457 /* TurmTests */,
				C010565B306BFD46008BD457 /* TurmUITests */,
				C0105B05306BFD46008BD457 /* TurmDockTile */,
				C0105C05306BFD46008BD457 /* TurmFinder */,
				C0105D05306BFD46008BD457 /* TurmiOS */,
				C0105E10306BFD46008BD457 /* SharedResources */,
				C0105642306BFD45008BD457 /* Products */,
			);
			sourceTree = "<group>";
		};
		C0105642306BFD45008BD457 /* Products */ = {
			isa = PBXGroup;
			children = (
				C0105641306BFD45008BD457 /* Turm.app */,
				C010564E306BFD46008BD457 /* TurmTests.xctest */,
				C0105658306BFD46008BD457 /* TurmUITests.xctest */,
				C0105B01306BFD46008BD457 /* TurmDockTile.docktileplugin */,
				C0105C01306BFD46008BD457 /* TurmFinder.appex */,
				C0105D01306BFD46008BD457 /* TurmiOS.app */,
			);
			name = Products;
			sourceTree = "<group>";
		};
/* End PBXGroup section */

/* Begin PBXNativeTarget section */
		C0105640306BFD45008BD457 /* Turm */ = {
			isa = PBXNativeTarget;
			buildConfigurationList = C0105660306BFD46008BD457 /* Build configuration list for PBXNativeTarget "Turm" */;
			buildPhases = (
				C010563D306BFD45008BD457 /* Sources */,
				C010563E306BFD45008BD457 /* Frameworks */,
				C010563F306BFD45008BD457 /* Resources */,
				C0105F01306BFD46008BD457 /* Brand Icons */,
				C0105B04306BFD46008BD457 /* Embed Dock Tile */,
				C0105C04306BFD46008BD457 /* Embed Foundation Extensions */,
			);
			buildRules = (
			);
			dependencies = (
				C0105B09306BFD46008BD457 /* PBXTargetDependency */,
				C0105C09306BFD46008BD457 /* PBXTargetDependency */,
			);
			fileSystemSynchronizedGroups = (
				C0105643306BFD45008BD457 /* Turm */,
				C0105E10306BFD46008BD457 /* SharedResources */,
			);
			name = Turm;
			packageProductDependencies = (
				C0105A01306BFD46008BD457 /* SwiftTerm */,
				C0105A11306BFD46008BD457 /* Sparkle */,
				C0105E01306BFD46008BD457 /* TurmCore */,
			);
			productName = Turm;
			productReference = C0105641306BFD45008BD457 /* Turm.app */;
			productType = "com.apple.product-type.application";
		};
		C010564D306BFD46008BD457 /* TurmTests */ = {
			isa = PBXNativeTarget;
			buildConfigurationList = C0105663306BFD46008BD457 /* Build configuration list for PBXNativeTarget "TurmTests" */;
			buildPhases = (
				C010564A306BFD46008BD457 /* Sources */,
				C010564B306BFD46008BD457 /* Frameworks */,
				C010564C306BFD46008BD457 /* Resources */,
			);
			buildRules = (
			);
			dependencies = (
				C0105650306BFD46008BD457 /* PBXTargetDependency */,
			);
			fileSystemSynchronizedGroups = (
				C0105651306BFD46008BD457 /* TurmTests */,
			);
			name = TurmTests;
			productName = TurmTests;
			productReference = C010564E306BFD46008BD457 /* TurmTests.xctest */;
			productType = "com.apple.product-type.bundle.unit-test";
		};
		C0105657306BFD46008BD457 /* TurmUITests */ = {
			isa = PBXNativeTarget;
			buildConfigurationList = C0105666306BFD46008BD457 /* Build configuration list for PBXNativeTarget "TurmUITests" */;
			buildPhases = (
				C0105654306BFD46008BD457 /* Sources */,
				C0105655306BFD46008BD457 /* Frameworks */,
				C0105656306BFD46008BD457 /* Resources */,
			);
			buildRules = (
			);
			dependencies = (
				C010565A306BFD46008BD457 /* PBXTargetDependency */,
			);
			fileSystemSynchronizedGroups = (
				C010565B306BFD46008BD457 /* TurmUITests */,
			);
			name = TurmUITests;
			productName = TurmUITests;
			productReference = C0105658306BFD46008BD457 /* TurmUITests.xctest */;
			productType = "com.apple.product-type.bundle.ui-testing";
		};
		C0105B10306BFD46008BD457 /* TurmDockTile */ = {
			isa = PBXNativeTarget;
			buildConfigurationList = C0105B11306BFD46008BD457 /* Build configuration list for PBXNativeTarget "TurmDockTile" */;
			buildPhases = (
				C0105B07306BFD46008BD457 /* Sources */,
				C0105B06306BFD46008BD457 /* Frameworks */,
				C0105B08306BFD46008BD457 /* Resources */,
			);
			buildRules = (
			);
			fileSystemSynchronizedGroups = (
				C0105B05306BFD46008BD457 /* TurmDockTile */,
			);
			name = TurmDockTile;
			productName = TurmDockTile;
			productReference = C0105B01306BFD46008BD457 /* TurmDockTile.docktileplugin */;
			productType = "com.apple.product-type.bundle";
		};
		C0105C10306BFD46008BD457 /* TurmFinder */ = {
			isa = PBXNativeTarget;
			buildConfigurationList = C0105C11306BFD46008BD457 /* Build configuration list for PBXNativeTarget "TurmFinder" */;
			buildPhases = (
				C0105C07306BFD46008BD457 /* Sources */,
				C0105C06306BFD46008BD457 /* Frameworks */,
				C0105C08306BFD46008BD457 /* Resources */,
			);
			buildRules = (
			);
			fileSystemSynchronizedGroups = (
				C0105C05306BFD46008BD457 /* TurmFinder */,
			);
			name = TurmFinder;
			productName = TurmFinder;
			productReference = C0105C01306BFD46008BD457 /* TurmFinder.appex */;
			productType = "com.apple.product-type.app-extension";
		};
		C0105D10306BFD46008BD457 /* TurmiOS */ = {
			isa = PBXNativeTarget;
			buildConfigurationList = C0105D11306BFD46008BD457 /* Build configuration list for PBXNativeTarget "TurmiOS" */;
			buildPhases = (
				C0105D07306BFD46008BD457 /* Sources */,
				C0105D06306BFD46008BD457 /* Frameworks */,
				C0105D08306BFD46008BD457 /* Resources */,
				C0105F02306BFD46008BD457 /* Brand Icons */,
			);
			buildRules = (
			);
			fileSystemSynchronizedGroups = (
				C0105D05306BFD46008BD457 /* TurmiOS */,
				C0105E10306BFD46008BD457 /* SharedResources */,
			);
			name = TurmiOS;
			packageProductDependencies = (
				C0105E02306BFD46008BD457 /* TurmCore */,
				C0105E05306BFD46008BD457 /* SwiftTerm */,
				C0105E08306BFD46008BD457 /* Citadel */,
			);
			productName = TurmiOS;
			productReference = C0105D01306BFD46008BD457 /* TurmiOS.app */;
			productType = "com.apple.product-type.application";
		};
/* End PBXNativeTarget section */

/* Begin PBXProject section */
		C0105639306BFD45008BD457 /* Project object */ = {
			isa = PBXProject;
			attributes = {
				BuildIndependentTargetsInParallel = 1;
				LastSwiftUpdateCheck = 2710;
				LastUpgradeCheck = 2710;
				TargetAttributes = {
					C0105640306BFD45008BD457 = {
						CreatedOnToolsVersion = 27.1;
					};
					C010564D306BFD46008BD457 = {
						CreatedOnToolsVersion = 27.1;
						TestTargetID = C0105640306BFD45008BD457;
					};
					C0105657306BFD46008BD457 = {
						CreatedOnToolsVersion = 27.1;
						TestTargetID = C0105640306BFD45008BD457;
					};
					C0105B10306BFD46008BD457 = {
						CreatedOnToolsVersion = 27.1;
					};
					C0105C10306BFD46008BD457 = {
						CreatedOnToolsVersion = 27.1;
					};
					C0105D10306BFD46008BD457 = {
						CreatedOnToolsVersion = 27.1;
					};
				};
			};
			buildConfigurationList = C010563C306BFD45008BD457 /* Build configuration list for PBXProject "Turm" */;
			developmentRegion = en;
			hasScannedForEncodings = 0;
			knownRegions = (
				en,
				Base,
			);
			mainGroup = C0105638306BFD45008BD457;
			minimizedProjectReferenceProxies = 1;
			packageReferences = (
				C0105A00306BFD46008BD457 /* XCRemoteSwiftPackageReference "SwiftTerm" */,
				C0105A10306BFD46008BD457 /* XCRemoteSwiftPackageReference "Sparkle" */,
				C0105E07306BFD46008BD457 /* XCRemoteSwiftPackageReference "Citadel" */,
				C0105E00306BFD46008BD457 /* XCLocalSwiftPackageReference "Packages/TurmCore" */,
			);
			preferredProjectObjectVersion = 77;
			productRefGroup = C0105642306BFD45008BD457 /* Products */;
			projectDirPath = "";
			projectRoot = "";
			targets = (
				C0105640306BFD45008BD457 /* Turm */,
				C010564D306BFD46008BD457 /* TurmTests */,
				C0105657306BFD46008BD457 /* TurmUITests */,
				C0105B10306BFD46008BD457 /* TurmDockTile */,
				C0105C10306BFD46008BD457 /* TurmFinder */,
				C0105D10306BFD46008BD457 /* TurmiOS */,
			);
		};
/* End PBXProject section */

/* Begin PBXResourcesBuildPhase section */
		C010563F306BFD45008BD457 /* Resources */ = {
			isa = PBXResourcesBuildPhase;
			files = (
			);
		};
		C010564C306BFD46008BD457 /* Resources */ = {
			isa = PBXResourcesBuildPhase;
			files = (
			);
		};
		C0105656306BFD46008BD457 /* Resources */ = {
			isa = PBXResourcesBuildPhase;
			files = (
			);
		};
		C0105B08306BFD46008BD457 /* Resources */ = {
			isa = PBXResourcesBuildPhase;
			files = (
			);
		};
		C0105C08306BFD46008BD457 /* Resources */ = {
			isa = PBXResourcesBuildPhase;
			files = (
			);
		};
		C0105D08306BFD46008BD457 /* Resources */ = {
			isa = PBXResourcesBuildPhase;
			files = (
			);
		};
/* End PBXResourcesBuildPhase section */

/* Begin PBXShellScriptBuildPhase section */
		C0105F01306BFD46008BD457 /* Brand Icons */ = {
			isa = PBXShellScriptBuildPhase;
			inputFileListPaths = (
				"$(SRCROOT)/Icons/inputs.xcfilelist",
			);
			inputPaths = (
				"$(SRCROOT)/Icons/inputs.xcfilelist",
				"$(SRCROOT)/Icons/build.mjs",
				"$(SRCROOT)/Icons/manifest.json",
				"$(SRCROOT)/Icons/LICENSE-lobe-icons.txt",
				"$(SRCROOT)/Icons/package-lock.json",
			);
			name = "Brand Icons";
			outputPaths = (
				"$(TARGET_BUILD_DIR)/$(UNLOCALIZED_RESOURCES_FOLDER_PATH)/BrandIcons/BrandIcons.json",
				"$(TARGET_BUILD_DIR)/$(UNLOCALIZED_RESOURCES_FOLDER_PATH)/BrandIcons/NOTICES.txt",
			);
			shellPath = /bin/sh;
			shellScript = "export PATH=\"/opt/homebrew/bin:/usr/local/bin:$PATH\"\nif [ ! -f \"$SRCROOT/Icons/inputs.xcfilelist\" ]; then\n  echo \"error: brand icons are not installed; run: npm ci --prefix Icons\"\n  exit 1\nfi\nnode \"$SRCROOT/Icons/build.mjs\"\n";
		};
		C0105F02306BFD46008BD457 /* Brand Icons */ = {
			isa = PBXShellScriptBuildPhase;
			inputFileListPaths = (
				"$(SRCROOT)/Icons/inputs.xcfilelist",
			);
			inputPaths = (
				"$(SRCROOT)/Icons/inputs.xcfilelist",
				"$(SRCROOT)/Icons/build.mjs",
				"$(SRCROOT)/Icons/manifest.json",
				"$(SRCROOT)/Icons/LICENSE-lobe-icons.txt",
				"$(SRCROOT)/Icons/package-lock.json",
			);
			name = "Brand Icons";
			outputPaths = (
				"$(TARGET_BUILD_DIR)/$(UNLOCALIZED_RESOURCES_FOLDER_PATH)/BrandIcons/BrandIcons.json",
				"$(TARGET_BUILD_DIR)/$(UNLOCALIZED_RESOURCES_FOLDER_PATH)/BrandIcons/NOTICES.txt",
			);
			shellPath = /bin/sh;
			shellScript = "export PATH=\"/opt/homebrew/bin:/usr/local/bin:$PATH\"\nif [ ! -f \"$SRCROOT/Icons/inputs.xcfilelist\" ]; then\n  echo \"error: brand icons are not installed; run: npm ci --prefix Icons\"\n  exit 1\nfi\nnode \"$SRCROOT/Icons/build.mjs\"\n";
		};
/* End PBXShellScriptBuildPhase section */

/* Begin PBXSourcesBuildPhase section */
		C010563D306BFD45008BD457 /* Sources */ = {
			isa = PBXSourcesBuildPhase;
			files = (
			);
		};
		C010564A306BFD46008BD457 /* Sources */ = {
			isa = PBXSourcesBuildPhase;
			files = (
			);
		};
		C0105654306BFD46008BD457 /* Sources */ = {
			isa = PBXSourcesBuildPhase;
			files = (
			);
		};
		C0105B07306BFD46008BD457 /* Sources */ = {
			isa = PBXSourcesBuildPhase;
			files = (
			);
		};
		C0105C07306BFD46008BD457 /* Sources */ = {
			isa = PBXSourcesBuildPhase;
			files = (
			);
		};
		C0105D07306BFD46008BD457 /* Sources */ = {
			isa = PBXSourcesBuildPhase;
			files = (
			);
		};
/* End PBXSourcesBuildPhase section */

/* Begin PBXTargetDependency section */
		C0105650306BFD46008BD457 /* PBXTargetDependency */ = {
			isa = PBXTargetDependency;
			target = C0105640306BFD45008BD457 /* Turm */;
			targetProxy = C010564F306BFD46008BD457 /* PBXContainerItemProxy */;
		};
		C010565A306BFD46008BD457 /* PBXTargetDependency */ = {
			isa = PBXTargetDependency;
			target = C0105640306BFD45008BD457 /* Turm */;
			targetProxy = C0105659306BFD46008BD457 /* PBXContainerItemProxy */;
		};
		C0105B09306BFD46008BD457 /* PBXTargetDependency */ = {
			isa = PBXTargetDependency;
			target = C0105B10306BFD46008BD457 /* TurmDockTile */;
			targetProxy = C0105B03306BFD46008BD457 /* PBXContainerItemProxy */;
		};
		C0105C09306BFD46008BD457 /* PBXTargetDependency */ = {
			isa = PBXTargetDependency;
			target = C0105C10306BFD46008BD457 /* TurmFinder */;
			targetProxy = C0105C03306BFD46008BD457 /* PBXContainerItemProxy */;
		};
/* End PBXTargetDependency section */

/* Begin XCBuildConfiguration section */
		C010565E306BFD46008BD457 /* Debug configuration for PBXProject "Turm" */ = {
			isa = XCBuildConfiguration;
			buildSettings = {
				ALWAYS_SEARCH_USER_PATHS = NO;
				ASSETCATALOG_COMPILER_GENERATE_SWIFT_ASSET_SYMBOL_EXTENSIONS = YES;
				CLANG_ANALYZER_NONNULL = YES;
				CLANG_ANALYZER_NUMBER_OBJECT_CONVERSION = YES_AGGRESSIVE;
				CLANG_CXX_LANGUAGE_STANDARD = "gnu++20";
				CLANG_ENABLE_MODULES = YES;
				CLANG_ENABLE_OBJC_ARC = YES;
				CLANG_ENABLE_OBJC_WEAK = YES;
				CLANG_WARN_BLOCK_CAPTURE_AUTORELEASING = YES;
				CLANG_WARN_BOOL_CONVERSION = YES;
				CLANG_WARN_COMMA = YES;
				CLANG_WARN_CONSTANT_CONVERSION = YES;
				CLANG_WARN_DEPRECATED_OBJC_IMPLEMENTATIONS = YES;
				CLANG_WARN_DIRECT_OBJC_ISA_USAGE = YES_ERROR;
				CLANG_WARN_DOCUMENTATION_COMMENTS = YES;
				CLANG_WARN_EMPTY_BODY = YES;
				CLANG_WARN_ENUM_CONVERSION = YES;
				CLANG_WARN_INFINITE_RECURSION = YES;
				CLANG_WARN_INT_CONVERSION = YES;
				CLANG_WARN_NON_LITERAL_NULL_CONVERSION = YES;
				CLANG_WARN_OBJC_IMPLICIT_RETAIN_SELF = YES;
				CLANG_WARN_OBJC_LITERAL_CONVERSION = YES;
				CLANG_WARN_OBJC_ROOT_CLASS = YES_ERROR;
				CLANG_WARN_QUOTED_INCLUDE_IN_FRAMEWORK_HEADER = YES;
				CLANG_WARN_RANGE_LOOP_ANALYSIS = YES;
				CLANG_WARN_STRICT_PROTOTYPES = YES;
				CLANG_WARN_SUSPICIOUS_MOVE = YES;
				CLANG_WARN_UNGUARDED_AVAILABILITY = YES_AGGRESSIVE;
				CLANG_WARN_UNREACHABLE_CODE = YES;
				CLANG_WARN__DUPLICATE_METHOD_MATCH = YES;
				COPY_PHASE_STRIP = NO;
				DEBUG_INFORMATION_FORMAT = dwarf;
				DEVELOPMENT_TEAM = H2X57PJPJ6;
				ENABLE_STRICT_OBJC_MSGSEND = YES;
				ENABLE_TESTABILITY = YES;
				ENABLE_USER_SCRIPT_SANDBOXING = YES;
				GCC_C_LANGUAGE_STANDARD = gnu17;
				GCC_DYNAMIC_NO_PIC = NO;
				GCC_NO_COMMON_BLOCKS = YES;
				GCC_OPTIMIZATION_LEVEL = 0;
				GCC_PREPROCESSOR_DEFINITIONS = (
					"DEBUG=1",
					"$(inherited)",
				);
				GCC_WARN_64_TO_32_BIT_CONVERSION = YES;
				GCC_WARN_ABOUT_RETURN_TYPE = YES_ERROR;
				GCC_WARN_UNDECLARED_SELECTOR = YES;
				GCC_WARN_UNINITIALIZED_AUTOS = YES_AGGRESSIVE;
				GCC_WARN_UNUSED_FUNCTION = YES;
				GCC_WARN_UNUSED_VARIABLE = YES;
				LOCALIZATION_PREFERS_STRING_CATALOGS = YES;
				MACOSX_DEPLOYMENT_TARGET = 26.0;
				MTL_ENABLE_DEBUG_INFO = INCLUDE_SOURCE;
				MTL_FAST_MATH = YES;
				ONLY_ACTIVE_ARCH = YES;
				SDKROOT = macosx;
				SWIFT_ACTIVE_COMPILATION_CONDITIONS = "DEBUG $(inherited)";
				SWIFT_OPTIMIZATION_LEVEL = "-Onone";
			};
			name = Debug;
		};
		C010565F306BFD46008BD457 /* Release configuration for PBXProject "Turm" */ = {
			isa = XCBuildConfiguration;
			buildSettings = {
				ALWAYS_SEARCH_USER_PATHS = NO;
				ASSETCATALOG_COMPILER_GENERATE_SWIFT_ASSET_SYMBOL_EXTENSIONS = YES;
				CLANG_ANALYZER_NONNULL = YES;
				CLANG_ANALYZER_NUMBER_OBJECT_CONVERSION = YES_AGGRESSIVE;
				CLANG_CXX_LANGUAGE_STANDARD = "gnu++20";
				CLANG_ENABLE_MODULES = YES;
				CLANG_ENABLE_OBJC_ARC = YES;
				CLANG_ENABLE_OBJC_WEAK = YES;
				CLANG_WARN_BLOCK_CAPTURE_AUTORELEASING = YES;
				CLANG_WARN_BOOL_CONVERSION = YES;
				CLANG_WARN_COMMA = YES;
				CLANG_WARN_CONSTANT_CONVERSION = YES;
				CLANG_WARN_DEPRECATED_OBJC_IMPLEMENTATIONS = YES;
				CLANG_WARN_DIRECT_OBJC_ISA_USAGE = YES_ERROR;
				CLANG_WARN_DOCUMENTATION_COMMENTS = YES;
				CLANG_WARN_EMPTY_BODY = YES;
				CLANG_WARN_ENUM_CONVERSION = YES;
				CLANG_WARN_INFINITE_RECURSION = YES;
				CLANG_WARN_INT_CONVERSION = YES;
				CLANG_WARN_NON_LITERAL_NULL_CONVERSION = YES;
				CLANG_WARN_OBJC_IMPLICIT_RETAIN_SELF = YES;
				CLANG_WARN_OBJC_LITERAL_CONVERSION = YES;
				CLANG_WARN_OBJC_ROOT_CLASS = YES_ERROR;
				CLANG_WARN_QUOTED_INCLUDE_IN_FRAMEWORK_HEADER = YES;
				CLANG_WARN_RANGE_LOOP_ANALYSIS = YES;
				CLANG_WARN_STRICT_PROTOTYPES = YES;
				CLANG_WARN_SUSPICIOUS_MOVE = YES;
				CLANG_WARN_UNGUARDED_AVAILABILITY = YES_AGGRESSIVE;
				CLANG_WARN_UNREACHABLE_CODE = YES;
				CLANG_WARN__DUPLICATE_METHOD_MATCH = YES;
				COPY_PHASE_STRIP = NO;
				DEBUG_INFORMATION_FORMAT = "dwarf-with-dsym";
				DEVELOPMENT_TEAM = H2X57PJPJ6;
				ENABLE_NS_ASSERTIONS = NO;
				ENABLE_STRICT_OBJC_MSGSEND = YES;
				ENABLE_USER_SCRIPT_SANDBOXING = YES;
				GCC_C_LANGUAGE_STANDARD = gnu17;
				GCC_NO_COMMON_BLOCKS = YES;
				GCC_WARN_64_TO_32_BIT_CONVERSION = YES;
				GCC_WARN_ABOUT_RETURN_TYPE = YES_ERROR;
				GCC_WARN_UNDECLARED_SELECTOR = YES;
				GCC_WARN_UNINITIALIZED_AUTOS = YES_AGGRESSIVE;
				GCC_WARN_UNUSED_FUNCTION = YES;
				GCC_WARN_UNUSED_VARIABLE = YES;
				LOCALIZATION_PREFERS_STRING_CATALOGS = YES;
				MACOSX_DEPLOYMENT_TARGET = 26.0;
				MTL_ENABLE_DEBUG_INFO = NO;
				MTL_FAST_MATH = YES;
				SDKROOT = macosx;
				SWIFT_COMPILATION_MODE = wholemodule;
			};
			name = Release;
		};
		C0105661306BFD46008BD457 /* Debug configuration for PBXNativeTarget "Turm" */ = {
			isa = XCBuildConfiguration;
			buildSettings = {
				ASSETCATALOG_COMPILER_APPICON_NAME = icon;
				ASSETCATALOG_COMPILER_GLOBAL_ACCENT_COLOR_NAME = AccentColor;
				CODE_SIGN_ENTITLEMENTS = Config/Turm.entitlements;
				"CODE_SIGN_IDENTITY[sdk=macosx*]" = "Apple Development";
				CODE_SIGN_STYLE = Automatic;
				COMBINE_HIDPI_IMAGES = YES;
				CURRENT_PROJECT_VERSION = 1;
				DEVELOPMENT_TEAM = H2X57PJPJ6;
				ENABLE_APP_SANDBOX = NO;
				ENABLE_HARDENED_RUNTIME = YES;
				ENABLE_PREVIEWS = YES;
				ENABLE_USER_SELECTED_FILES = readonly;
				GENERATE_INFOPLIST_FILE = YES;
				INFOPLIST_FILE = Config/Info.plist;
				INFOPLIST_KEY_CFBundleDisplayName = Turm;
				INFOPLIST_KEY_NSHumanReadableCopyright = "";
				LD_RUNPATH_SEARCH_PATHS = (
					"$(inherited)",
					"@executable_path/../Frameworks",
				);
				MACOSX_DEPLOYMENT_TARGET = 26;
				MARKETING_VERSION = 1.4.0;
				PRODUCT_BUNDLE_IDENTIFIER = "com.zak-noble-clarke.Turm";
				PRODUCT_NAME = "$(TARGET_NAME)";
				PROVISIONING_PROFILE_SPECIFIER = "$(TURM_APP_PROFILE)";
				REGISTER_APP_GROUPS = YES;
				STRING_CATALOG_GENERATE_SYMBOLS = YES;
				SWIFT_APPROACHABLE_CONCURRENCY = YES;
				SWIFT_DEFAULT_ACTOR_ISOLATION = MainActor;
				SWIFT_EMIT_LOC_STRINGS = YES;
				SWIFT_UPCOMING_FEATURE_MEMBER_IMPORT_VISIBILITY = YES;
				SWIFT_VERSION = 5.0;
			};
			name = Debug;
		};
		C0105662306BFD46008BD457 /* Release configuration for PBXNativeTarget "Turm" */ = {
			isa = XCBuildConfiguration;
			buildSettings = {
				ASSETCATALOG_COMPILER_APPICON_NAME = icon;
				ASSETCATALOG_COMPILER_GLOBAL_ACCENT_COLOR_NAME = AccentColor;
				CODE_SIGN_ENTITLEMENTS = Config/Turm.entitlements;
				"CODE_SIGN_IDENTITY[sdk=macosx*]" = "Apple Development";
				CODE_SIGN_STYLE = Automatic;
				COMBINE_HIDPI_IMAGES = YES;
				CURRENT_PROJECT_VERSION = 1;
				DEVELOPMENT_TEAM = H2X57PJPJ6;
				ENABLE_APP_SANDBOX = NO;
				ENABLE_HARDENED_RUNTIME = YES;
				ENABLE_PREVIEWS = YES;
				ENABLE_USER_SELECTED_FILES = readonly;
				GENERATE_INFOPLIST_FILE = YES;
				INFOPLIST_FILE = Config/Info.plist;
				INFOPLIST_KEY_CFBundleDisplayName = Turm;
				INFOPLIST_KEY_NSHumanReadableCopyright = "";
				LD_RUNPATH_SEARCH_PATHS = (
					"$(inherited)",
					"@executable_path/../Frameworks",
				);
				MACOSX_DEPLOYMENT_TARGET = 26;
				MARKETING_VERSION = 1.4.0;
				PRODUCT_BUNDLE_IDENTIFIER = "com.zak-noble-clarke.Turm";
				PRODUCT_NAME = "$(TARGET_NAME)";
				PROVISIONING_PROFILE_SPECIFIER = "$(TURM_APP_PROFILE)";
				REGISTER_APP_GROUPS = YES;
				STRING_CATALOG_GENERATE_SYMBOLS = YES;
				SWIFT_APPROACHABLE_CONCURRENCY = YES;
				SWIFT_DEFAULT_ACTOR_ISOLATION = MainActor;
				SWIFT_EMIT_LOC_STRINGS = YES;
				SWIFT_UPCOMING_FEATURE_MEMBER_IMPORT_VISIBILITY = YES;
				SWIFT_VERSION = 5.0;
			};
			name = Release;
		};
		C0105664306BFD46008BD457 /* Debug configuration for PBXNativeTarget "TurmTests" */ = {
			isa = XCBuildConfiguration;
			buildSettings = {
				BUNDLE_LOADER = "$(TEST_HOST)";
				CODE_SIGN_STYLE = Automatic;
				CURRENT_PROJECT_VERSION = 1;
				DEVELOPMENT_TEAM = H2X57PJPJ6;
				GENERATE_INFOPLIST_FILE = YES;
				MACOSX_DEPLOYMENT_TARGET = 26.0;
				MARKETING_VERSION = 1.4.0;
				PRODUCT_BUNDLE_IDENTIFIER = "com.zak-noble-clarke.TurmTests";
				PRODUCT_NAME = "$(TARGET_NAME)";
				STRING_CATALOG_GENERATE_SYMBOLS = NO;
				SWIFT_APPROACHABLE_CONCURRENCY = YES;
				SWIFT_EMIT_LOC_STRINGS = NO;
				SWIFT_UPCOMING_FEATURE_MEMBER_IMPORT_VISIBILITY = YES;
				SWIFT_VERSION = 5.0;
				TEST_HOST = "$(BUILT_PRODUCTS_DIR)/Turm.app/$(BUNDLE_EXECUTABLE_FOLDER_PATH)/Turm";
			};
			name = Debug;
		};
		C0105665306BFD46008BD457 /* Release configuration for PBXNativeTarget "TurmTests" */ = {
			isa = XCBuildConfiguration;
			buildSettings = {
				BUNDLE_LOADER = "$(TEST_HOST)";
				CODE_SIGN_STYLE = Automatic;
				CURRENT_PROJECT_VERSION = 1;
				DEVELOPMENT_TEAM = H2X57PJPJ6;
				GENERATE_INFOPLIST_FILE = YES;
				MACOSX_DEPLOYMENT_TARGET = 26.0;
				MARKETING_VERSION = 1.4.0;
				PRODUCT_BUNDLE_IDENTIFIER = "com.zak-noble-clarke.TurmTests";
				PRODUCT_NAME = "$(TARGET_NAME)";
				STRING_CATALOG_GENERATE_SYMBOLS = NO;
				SWIFT_APPROACHABLE_CONCURRENCY = YES;
				SWIFT_EMIT_LOC_STRINGS = NO;
				SWIFT_UPCOMING_FEATURE_MEMBER_IMPORT_VISIBILITY = YES;
				SWIFT_VERSION = 5.0;
				TEST_HOST = "$(BUILT_PRODUCTS_DIR)/Turm.app/$(BUNDLE_EXECUTABLE_FOLDER_PATH)/Turm";
			};
			name = Release;
		};
		C0105667306BFD46008BD457 /* Debug configuration for PBXNativeTarget "TurmUITests" */ = {
			isa = XCBuildConfiguration;
			buildSettings = {
				CODE_SIGN_STYLE = Automatic;
				CURRENT_PROJECT_VERSION = 1;
				DEVELOPMENT_TEAM = H2X57PJPJ6;
				GENERATE_INFOPLIST_FILE = YES;
				MARKETING_VERSION = 1.4.0;
				PRODUCT_BUNDLE_IDENTIFIER = "com.zak-noble-clarke.TurmUITests";
				PRODUCT_NAME = "$(TARGET_NAME)";
				STRING_CATALOG_GENERATE_SYMBOLS = NO;
				SWIFT_APPROACHABLE_CONCURRENCY = YES;
				SWIFT_EMIT_LOC_STRINGS = NO;
				SWIFT_UPCOMING_FEATURE_MEMBER_IMPORT_VISIBILITY = YES;
				SWIFT_VERSION = 5.0;
				TEST_TARGET_NAME = Turm;
			};
			name = Debug;
		};
		C0105668306BFD46008BD457 /* Release configuration for PBXNativeTarget "TurmUITests" */ = {
			isa = XCBuildConfiguration;
			buildSettings = {
				CODE_SIGN_STYLE = Automatic;
				CURRENT_PROJECT_VERSION = 1;
				DEVELOPMENT_TEAM = H2X57PJPJ6;
				GENERATE_INFOPLIST_FILE = YES;
				MARKETING_VERSION = 1.4.0;
				PRODUCT_BUNDLE_IDENTIFIER = "com.zak-noble-clarke.TurmUITests";
				PRODUCT_NAME = "$(TARGET_NAME)";
				STRING_CATALOG_GENERATE_SYMBOLS = NO;
				SWIFT_APPROACHABLE_CONCURRENCY = YES;
				SWIFT_EMIT_LOC_STRINGS = NO;
				SWIFT_UPCOMING_FEATURE_MEMBER_IMPORT_VISIBILITY = YES;
				SWIFT_VERSION = 5.0;
				TEST_TARGET_NAME = Turm;
			};
			name = Release;
		};
		C0105B12306BFD46008BD457 /* Debug configuration for PBXNativeTarget "TurmDockTile" */ = {
			isa = XCBuildConfiguration;
			buildSettings = {
				"CODE_SIGN_IDENTITY[sdk=macosx*]" = "Apple Development";
				CODE_SIGN_STYLE = Automatic;
				COMBINE_HIDPI_IMAGES = YES;
				CURRENT_PROJECT_VERSION = 1;
				DEVELOPMENT_TEAM = H2X57PJPJ6;
				ENABLE_HARDENED_RUNTIME = YES;
				GENERATE_INFOPLIST_FILE = YES;
				INFOPLIST_KEY_NSPrincipalClass = TurmDockTilePlugIn;
				INSTALL_PATH = "$(LOCAL_LIBRARY_DIR)/Bundles";
				MACOSX_DEPLOYMENT_TARGET = 26;
				MARKETING_VERSION = 1.4.0;
				PRODUCT_BUNDLE_IDENTIFIER = "com.zak-noble-clarke.Turm.DockTile";
				PRODUCT_NAME = "$(TARGET_NAME)";
				SKIP_INSTALL = YES;
				SWIFT_APPROACHABLE_CONCURRENCY = YES;
				SWIFT_EMIT_LOC_STRINGS = NO;
				SWIFT_VERSION = 5.0;
				WRAPPER_EXTENSION = docktileplugin;
			};
			name = Debug;
		};
		C0105B13306BFD46008BD457 /* Release configuration for PBXNativeTarget "TurmDockTile" */ = {
			isa = XCBuildConfiguration;
			buildSettings = {
				"CODE_SIGN_IDENTITY[sdk=macosx*]" = "Apple Development";
				CODE_SIGN_STYLE = Automatic;
				COMBINE_HIDPI_IMAGES = YES;
				CURRENT_PROJECT_VERSION = 1;
				DEVELOPMENT_TEAM = H2X57PJPJ6;
				ENABLE_HARDENED_RUNTIME = YES;
				GENERATE_INFOPLIST_FILE = YES;
				INFOPLIST_KEY_NSPrincipalClass = TurmDockTilePlugIn;
				INSTALL_PATH = "$(LOCAL_LIBRARY_DIR)/Bundles";
				MACOSX_DEPLOYMENT_TARGET = 26;
				MARKETING_VERSION = 1.4.0;
				PRODUCT_BUNDLE_IDENTIFIER = "com.zak-noble-clarke.Turm.DockTile";
				PRODUCT_NAME = "$(TARGET_NAME)";
				SKIP_INSTALL = YES;
				SWIFT_APPROACHABLE_CONCURRENCY = YES;
				SWIFT_EMIT_LOC_STRINGS = NO;
				SWIFT_VERSION = 5.0;
				WRAPPER_EXTENSION = docktileplugin;
			};
			name = Release;
		};
		C0105C12306BFD46008BD457 /* Debug configuration for PBXNativeTarget "TurmFinder" */ = {
			isa = XCBuildConfiguration;
			buildSettings = {
				"CODE_SIGN_IDENTITY[sdk=macosx*]" = "Apple Development";
				CODE_SIGN_STYLE = Automatic;
				CURRENT_PROJECT_VERSION = 1;
				DEVELOPMENT_TEAM = H2X57PJPJ6;
				ENABLE_APP_SANDBOX = YES;
				ENABLE_HARDENED_RUNTIME = YES;
				GENERATE_INFOPLIST_FILE = YES;
				INFOPLIST_FILE = "Config/TurmFinder-Info.plist";
				INFOPLIST_KEY_CFBundleDisplayName = Turm;
				LD_RUNPATH_SEARCH_PATHS = (
					"$(inherited)",
					"@executable_path/../Frameworks",
					"@executable_path/../../../../Frameworks",
				);
				MACOSX_DEPLOYMENT_TARGET = 26;
				MARKETING_VERSION = 1.4.0;
				PRODUCT_BUNDLE_IDENTIFIER = "com.zak-noble-clarke.Turm.FinderSync";
				PRODUCT_NAME = "$(TARGET_NAME)";
				SKIP_INSTALL = YES;
				SWIFT_APPROACHABLE_CONCURRENCY = YES;
				SWIFT_EMIT_LOC_STRINGS = NO;
				SWIFT_VERSION = 5.0;
			};
			name = Debug;
		};
		C0105C13306BFD46008BD457 /* Release configuration for PBXNativeTarget "TurmFinder" */ = {
			isa = XCBuildConfiguration;
			buildSettings = {
				"CODE_SIGN_IDENTITY[sdk=macosx*]" = "Apple Development";
				CODE_SIGN_STYLE = Automatic;
				CURRENT_PROJECT_VERSION = 1;
				DEVELOPMENT_TEAM = H2X57PJPJ6;
				ENABLE_APP_SANDBOX = YES;
				ENABLE_HARDENED_RUNTIME = YES;
				GENERATE_INFOPLIST_FILE = YES;
				INFOPLIST_FILE = "Config/TurmFinder-Info.plist";
				INFOPLIST_KEY_CFBundleDisplayName = Turm;
				LD_RUNPATH_SEARCH_PATHS = (
					"$(inherited)",
					"@executable_path/../Frameworks",
					"@executable_path/../../../../Frameworks",
				);
				MACOSX_DEPLOYMENT_TARGET = 26;
				MARKETING_VERSION = 1.4.0;
				PRODUCT_BUNDLE_IDENTIFIER = "com.zak-noble-clarke.Turm.FinderSync";
				PRODUCT_NAME = "$(TARGET_NAME)";
				SKIP_INSTALL = YES;
				SWIFT_APPROACHABLE_CONCURRENCY = YES;
				SWIFT_EMIT_LOC_STRINGS = NO;
				SWIFT_VERSION = 5.0;
			};
			name = Release;
		};
		C0105D12306BFD46008BD457 /* Debug configuration for PBXNativeTarget "TurmiOS" */ = {
			isa = XCBuildConfiguration;
			buildSettings = {
				ASSETCATALOG_COMPILER_APPICON_NAME = icon;
				ASSETCATALOG_COMPILER_GLOBAL_ACCENT_COLOR_NAME = AccentColor;
				CODE_SIGN_ENTITLEMENTS = Config/TurmiOS.entitlements;
				CODE_SIGN_STYLE = Automatic;
				CURRENT_PROJECT_VERSION = 5;
				DEVELOPMENT_TEAM = H2X57PJPJ6;
				ENABLE_PREVIEWS = YES;
				GENERATE_INFOPLIST_FILE = YES;
				INFOPLIST_FILE = "Config/TurmiOS-Info.plist";
				INFOPLIST_KEY_CFBundleDisplayName = Turm;
				INFOPLIST_KEY_NSCameraUsageDescription = "Turm scans the pairing code shown on your Mac.";
				INFOPLIST_KEY_NSLocalNetworkUsageDescription = "Turm finds and connects to Macs running Turm on your network so you can control their shells, and connects to SSH hosts on your network.";
				INFOPLIST_KEY_UIApplicationSupportsIndirectInputEvents = YES;
				INFOPLIST_KEY_UILaunchScreen_Generation = YES;
				INFOPLIST_KEY_UISupportedInterfaceOrientations_iPad = "UIInterfaceOrientationPortrait UIInterfaceOrientationPortraitUpsideDown UIInterfaceOrientationLandscapeLeft UIInterfaceOrientationLandscapeRight";
				INFOPLIST_KEY_UISupportedInterfaceOrientations_iPhone = "UIInterfaceOrientationPortrait UIInterfaceOrientationPortraitUpsideDown UIInterfaceOrientationLandscapeLeft UIInterfaceOrientationLandscapeRight";
				IPHONEOS_DEPLOYMENT_TARGET = 18;
				LD_RUNPATH_SEARCH_PATHS = (
					"$(inherited)",
					"@executable_path/Frameworks",
				);
				MARKETING_VERSION = 1.4.0;
				PRODUCT_BUNDLE_IDENTIFIER = "com.zak-noble-clarke.TurmiOS";
				PRODUCT_NAME = "$(TARGET_NAME)";
				SDKROOT = iphoneos;
				STRING_CATALOG_GENERATE_SYMBOLS = YES;
				SUPPORTED_PLATFORMS = "iphoneos iphonesimulator";
				SUPPORTS_MACCATALYST = NO;
				SUPPORTS_MAC_DESIGNED_FOR_IPHONE_IPAD = NO;
				SWIFT_APPROACHABLE_CONCURRENCY = YES;
				SWIFT_DEFAULT_ACTOR_ISOLATION = MainActor;
				SWIFT_EMIT_LOC_STRINGS = YES;
				SWIFT_UPCOMING_FEATURE_MEMBER_IMPORT_VISIBILITY = YES;
				SWIFT_VERSION = 5.0;
				TARGETED_DEVICE_FAMILY = "1,2";
			};
			name = Debug;
		};
		C0105D13306BFD46008BD457 /* Release configuration for PBXNativeTarget "TurmiOS" */ = {
			isa = XCBuildConfiguration;
			buildSettings = {
				ASSETCATALOG_COMPILER_APPICON_NAME = icon;
				ASSETCATALOG_COMPILER_GLOBAL_ACCENT_COLOR_NAME = AccentColor;
				CODE_SIGN_ENTITLEMENTS = Config/TurmiOS.entitlements;
				CODE_SIGN_STYLE = Automatic;
				CURRENT_PROJECT_VERSION = 5;
				DEVELOPMENT_TEAM = H2X57PJPJ6;
				ENABLE_PREVIEWS = YES;
				GENERATE_INFOPLIST_FILE = YES;
				INFOPLIST_FILE = "Config/TurmiOS-Info.plist";
				INFOPLIST_KEY_CFBundleDisplayName = Turm;
				INFOPLIST_KEY_NSCameraUsageDescription = "Turm scans the pairing code shown on your Mac.";
				INFOPLIST_KEY_NSLocalNetworkUsageDescription = "Turm finds and connects to Macs running Turm on your network so you can control their shells, and connects to SSH hosts on your network.";
				INFOPLIST_KEY_UIApplicationSupportsIndirectInputEvents = YES;
				INFOPLIST_KEY_UILaunchScreen_Generation = YES;
				INFOPLIST_KEY_UISupportedInterfaceOrientations_iPad = "UIInterfaceOrientationPortrait UIInterfaceOrientationPortraitUpsideDown UIInterfaceOrientationLandscapeLeft UIInterfaceOrientationLandscapeRight";
				INFOPLIST_KEY_UISupportedInterfaceOrientations_iPhone = "UIInterfaceOrientationPortrait UIInterfaceOrientationPortraitUpsideDown UIInterfaceOrientationLandscapeLeft UIInterfaceOrientationLandscapeRight";
				IPHONEOS_DEPLOYMENT_TARGET = 18;
				LD_RUNPATH_SEARCH_PATHS = (
					"$(inherited)",
					"@executable_path/Frameworks",
				);
				MARKETING_VERSION = 1.4.0;
				PRODUCT_BUNDLE_IDENTIFIER = "com.zak-noble-clarke.TurmiOS";
				PRODUCT_NAME = "$(TARGET_NAME)";
				SDKROOT = iphoneos;
				STRING_CATALOG_GENERATE_SYMBOLS = YES;
				SUPPORTED_PLATFORMS = "iphoneos iphonesimulator";
				SUPPORTS_MACCATALYST = NO;
				SUPPORTS_MAC_DESIGNED_FOR_IPHONE_IPAD = NO;
				SWIFT_APPROACHABLE_CONCURRENCY = YES;
				SWIFT_DEFAULT_ACTOR_ISOLATION = MainActor;
				SWIFT_EMIT_LOC_STRINGS = YES;
				SWIFT_UPCOMING_FEATURE_MEMBER_IMPORT_VISIBILITY = YES;
				SWIFT_VERSION = 5.0;
				TARGETED_DEVICE_FAMILY = "1,2";
			};
			name = Release;
		};
/* End XCBuildConfiguration section */

/* Begin XCConfigurationList section */
		C010563C306BFD45008BD457 /* Build configuration list for PBXProject "Turm" */ = {
			isa = XCConfigurationList;
			buildConfigurations = (
				C010565E306BFD46008BD457 /* Debug configuration for PBXProject "Turm" */,
				C010565F306BFD46008BD457 /* Release configuration for PBXProject "Turm" */,
			);
			defaultConfigurationName = Release;
		};
		C0105660306BFD46008BD457 /* Build configuration list for PBXNativeTarget "Turm" */ = {
			isa = XCConfigurationList;
			buildConfigurations = (
				C0105661306BFD46008BD457 /* Debug configuration for PBXNativeTarget "Turm" */,
				C0105662306BFD46008BD457 /* Release configuration for PBXNativeTarget "Turm" */,
			);
			defaultConfigurationName = Release;
		};
		C0105663306BFD46008BD457 /* Build configuration list for PBXNativeTarget "TurmTests" */ = {
			isa = XCConfigurationList;
			buildConfigurations = (
				C0105664306BFD46008BD457 /* Debug configuration for PBXNativeTarget "TurmTests" */,
				C0105665306BFD46008BD457 /* Release configuration for PBXNativeTarget "TurmTests" */,
			);
			defaultConfigurationName = Release;
		};
		C0105666306BFD46008BD457 /* Build configuration list for PBXNativeTarget "TurmUITests" */ = {
			isa = XCConfigurationList;
			buildConfigurations = (
				C0105667306BFD46008BD457 /* Debug configuration for PBXNativeTarget "TurmUITests" */,
				C0105668306BFD46008BD457 /* Release configuration for PBXNativeTarget "TurmUITests" */,
			);
			defaultConfigurationName = Release;
		};
		C0105B11306BFD46008BD457 /* Build configuration list for PBXNativeTarget "TurmDockTile" */ = {
			isa = XCConfigurationList;
			buildConfigurations = (
				C0105B12306BFD46008BD457 /* Debug configuration for PBXNativeTarget "TurmDockTile" */,
				C0105B13306BFD46008BD457 /* Release configuration for PBXNativeTarget "TurmDockTile" */,
			);
			defaultConfigurationName = Release;
		};
		C0105C11306BFD46008BD457 /* Build configuration list for PBXNativeTarget "TurmFinder" */ = {
			isa = XCConfigurationList;
			buildConfigurations = (
				C0105C12306BFD46008BD457 /* Debug configuration for PBXNativeTarget "TurmFinder" */,
				C0105C13306BFD46008BD457 /* Release configuration for PBXNativeTarget "TurmFinder" */,
			);
			defaultConfigurationName = Release;
		};
		C0105D11306BFD46008BD457 /* Build configuration list for PBXNativeTarget "TurmiOS" */ = {
			isa = XCConfigurationList;
			buildConfigurations = (
				C0105D12306BFD46008BD457 /* Debug configuration for PBXNativeTarget "TurmiOS" */,
				C0105D13306BFD46008BD457 /* Release configuration for PBXNativeTarget "TurmiOS" */,
			);
			defaultConfigurationName = Release;
		};
/* End XCConfigurationList section */

/* Begin XCLocalSwiftPackageReference section */
		C0105E00306BFD46008BD457 /* XCLocalSwiftPackageReference "Packages/TurmCore" */ = {
			isa = XCLocalSwiftPackageReference;
			relativePath = Packages/TurmCore;
		};
/* End XCLocalSwiftPackageReference section */

/* Begin XCRemoteSwiftPackageReference section */
		C0105A00306BFD46008BD457 /* XCRemoteSwiftPackageReference "SwiftTerm" */ = {
			isa = XCRemoteSwiftPackageReference;
			repositoryURL = "https://github.com/migueldeicaza/SwiftTerm.git";
			requirement = {
				kind = upToNextMajorVersion;
				minimumVersion = 1.20.0;
			};
		};
		C0105A10306BFD46008BD457 /* XCRemoteSwiftPackageReference "Sparkle" */ = {
			isa = XCRemoteSwiftPackageReference;
			repositoryURL = "https://github.com/sparkle-project/Sparkle";
			requirement = {
				kind = upToNextMajorVersion;
				minimumVersion = 2.9.5;
			};
		};
		C0105E07306BFD46008BD457 /* XCRemoteSwiftPackageReference "Citadel" */ = {
			isa = XCRemoteSwiftPackageReference;
			repositoryURL = "https://github.com/orlandos-nl/Citadel";
			requirement = {
				kind = exactVersion;
				version = 0.12.1;
			};
		};
/* End XCRemoteSwiftPackageReference section */

/* Begin XCSwiftPackageProductDependency section */
		C0105A01306BFD46008BD457 /* SwiftTerm */ = {
			isa = XCSwiftPackageProductDependency;
			package = C0105A00306BFD46008BD457 /* XCRemoteSwiftPackageReference "SwiftTerm" */;
			productName = SwiftTerm;
		};
		C0105A11306BFD46008BD457 /* Sparkle */ = {
			isa = XCSwiftPackageProductDependency;
			package = C0105A10306BFD46008BD457 /* XCRemoteSwiftPackageReference "Sparkle" */;
			productName = Sparkle;
		};
		C0105E01306BFD46008BD457 /* TurmCore */ = {
			isa = XCSwiftPackageProductDependency;
			package = C0105E00306BFD46008BD457 /* XCLocalSwiftPackageReference "Packages/TurmCore" */;
			productName = TurmCore;
		};
		C0105E02306BFD46008BD457 /* TurmCore */ = {
			isa = XCSwiftPackageProductDependency;
			package = C0105E00306BFD46008BD457 /* XCLocalSwiftPackageReference "Packages/TurmCore" */;
			productName = TurmCore;
		};
		C0105E05306BFD46008BD457 /* SwiftTerm */ = {
			isa = XCSwiftPackageProductDependency;
			package = C0105A00306BFD46008BD457 /* XCRemoteSwiftPackageReference "SwiftTerm" */;
			productName = SwiftTerm;
		};
		C0105E08306BFD46008BD457 /* Citadel */ = {
			isa = XCSwiftPackageProductDependency;
			package = C0105E07306BFD46008BD457 /* XCRemoteSwiftPackageReference "Citadel" */;
			productName = Citadel;
		};
/* End XCSwiftPackageProductDependency section */
	};
	rootObject = C0105639306BFD45008BD457 /* Project object */;
	validationLevel = 1;
}
